
Microsoft Visual Studio Solution File, Format Version 12.00
# Visual Studio Version 17
VisualStudioVersion = 17.4.33213.308
MinimumVisualStudioVersion = 10.0.40219.1
Project("{9A19103F-16F7-4668-BE54-9A1E7A4F7556}") = "Exemplo", "Calculadora\Exemplo.csproj", "{01A9F043-C9ED-49FE-8807-AD125BEDCB07}"
EndProject
Project("{9A19103F-16F7-4668-BE54-9A1E7A4F7556}") = "ExemploTeste", "CalculadoraTeste\ExemploTeste.csproj", "{C69FC761-1B7B-401D-9696-7FF1E7A4EA62}"
EndProject
Global
	GlobalSection(SolutionConfigurationPlatforms) = preSolution
		Debug|Any CPU = Debug|Any CPU
		Release|Any CPU = Release|Any CPU
	EndGlobalSection
	GlobalSection(ProjectConfigurationPlatforms) = postSolution
		{01A9F043-C9ED-49FE-8807-AD125BEDCB07}.Debug|Any CPU.ActiveCfg = Debug|Any CPU
		{01A9F043-C9ED-49FE-8807-AD125BEDCB07}.Debug|Any CPU.Build.0 = Debug|Any CPU
		{01A9F043-C9ED-49FE-8807-AD125BEDCB07}.Release|Any CPU.ActiveCfg = Release|Any CPU
		{01A9F043-C9ED-49FE-8807-AD125BEDCB07}.Release|Any CPU.Build.0 = Release|Any CPU
		{C69FC761-1B7B-401D-9696-7FF1E7A4EA62}.Debug|Any CPU.ActiveCfg = Debug|Any CPU
		{C69FC761-1B7B-401D-9696-7FF1E7A4EA62}.Debug|Any CPU.Build.0 = Debug|Any CPU
		{C69FC761-1B7B-401D-9696-7FF1E7A4EA62}.Release|Any CPU.ActiveCfg = Release|Any CPU
		{C69FC761-1B7B-401D-9696-7FF1E7A4EA62}.Release|Any CPU.Build.0 = Release|Any CPU
	EndGlobalSection
	GlobalSection(SolutionProperties) = preSolution
		HideSolutionNode = FALSE
	EndGlobalSection
	GlobalSection(ExtensibilityGlobals) = postSolution
		SolutionGuid = {92ACDF07-109D-451A-B820-E99B671C4083}
	EndGlobalSection
EndGlobal
