
Microsoft Visual Studio Solution File, Format Version 12.00
# Visual Studio Version 17
VisualStudioVersion = 17.4.33213.308
MinimumVisualStudioVersion = 10.0.40219.1
Project("{9A19103F-16F7-4668-BE54-9A1E7A4F7556}") = "Calculadora", "Calculadora\Calculadora.csproj", "{01A9F043-C9ED-49FE-8807-AD125BEDCB07}"
EndProject
Project("{9A19103F-16F7-4668-BE54-9A1E7A4F7556}") = "CalculadoraTeste", "CalculadoraTeste\CalculadoraTeste.csproj", "{C69FC761-1B7B-401D-9696-7FF1E7A4EA62}"
EndProject
Project("{FAE04EC0-301F-11D3-BF4B-00C04F79EFBC}") = "AgendaUIDesktop", "AgendaUIDesktop\AgendaUIDesktop.csproj", "{1D44A72E-21B8-446D-9E1B-7F1913F6708C}"
EndProject
Project("{FAE04EC0-301F-11D3-BF4B-00C04F79EFBC}") = "Agenda.DAL", "Agenda.DAL\Agenda.DAL.csproj", "{F313C434-3E9A-455C-B9AA-5F8EADE823BB}"
EndProject
Project("{FAE04EC0-301F-11D3-BF4B-00C04F79EFBC}") = "Agenda.DAL.Teste", "Agenda.DAL.Teste\Agenda.DAL.Teste.csproj", "{0220CA52-E7AB-4A76-9E2B-7085E6041E74}"
EndProject
Project("{FAE04EC0-301F-11D3-BF4B-00C04F79EFBC}") = "Agenda.Domain", "Agenda.Domain\Agenda.Domain.csproj", "{BC40D489-D066-427A-815C-D994BA41F5E4}"
EndProject
Global
	GlobalSection(SolutionConfigurationPlatforms) = preSolution
		Debug|Any CPU = Debug|Any CPU
		Release|Any CPU = Release|Any CPU
	EndGlobalSection
	GlobalSection(ProjectConfigurationPlatforms) = postSolution
		{01A9F043-C9ED-49FE-8807-AD125BEDCB07}.Debug|Any CPU.ActiveCfg = Debug|Any CPU
		{01A9F043-C9ED-49FE-8807-AD125BEDCB07}.Debug|Any CPU.Build.0 = Debug|Any CPU
		{01A9F043-C9ED-49FE-8807-AD125BEDCB07}.Release|Any CPU.ActiveCfg = Release|Any CPU
		{01A9F043-C9ED-49FE-8807-AD125BEDCB07}.Release|Any CPU.Build.0 = Release|Any CPU
		{C69FC761-1B7B-401D-9696-7FF1E7A4EA62}.Debug|Any CPU.ActiveCfg = Debug|Any CPU
		{C69FC761-1B7B-401D-9696-7FF1E7A4EA62}.Debug|Any CPU.Build.0 = Debug|Any CPU
		{C69FC761-1B7B-401D-9696-7FF1E7A4EA62}.Release|Any CPU.ActiveCfg = Release|Any CPU
		{C69FC761-1B7B-401D-9696-7FF1E7A4EA62}.Release|Any CPU.Build.0 = Release|Any CPU
		{1D44A72E-21B8-446D-9E1B-7F1913F6708C}.Debug|Any CPU.ActiveCfg = Debug|Any CPU
		{1D44A72E-21B8-446D-9E1B-7F1913F6708C}.Debug|Any CPU.Build.0 = Debug|Any CPU
		{1D44A72E-21B8-446D-9E1B-7F1913F6708C}.Release|Any CPU.ActiveCfg = Release|Any CPU
		{1D44A72E-21B8-446D-9E1B-7F1913F6708C}.Release|Any CPU.Build.0 = Release|Any CPU
		{F313C434-3E9A-455C-B9AA-5F8EADE823BB}.Debug|Any CPU.ActiveCfg = Debug|Any CPU
		{F313C434-3E9A-455C-B9AA-5F8EADE823BB}.Debug|Any CPU.Build.0 = Debug|Any CPU
		{F313C434-3E9A-455C-B9AA-5F8EADE823BB}.Release|Any CPU.ActiveCfg = Release|Any CPU
		{F313C434-3E9A-455C-B9AA-5F8EADE823BB}.Release|Any CPU.Build.0 = Release|Any CPU
		{0220CA52-E7AB-4A76-9E2B-7085E6041E74}.Debug|Any CPU.ActiveCfg = Debug|Any CPU
		{0220CA52-E7AB-4A76-9E2B-7085E6041E74}.Debug|Any CPU.Build.0 = Debug|Any CPU
		{0220CA52-E7AB-4A76-9E2B-7085E6041E74}.Release|Any CPU.ActiveCfg = Release|Any CPU
		{0220CA52-E7AB-4A76-9E2B-7085E6041E74}.Release|Any CPU.Build.0 = Release|Any CPU
		{BC40D489-D066-427A-815C-D994BA41F5E4}.Debug|Any CPU.ActiveCfg = Debug|Any CPU
		{BC40D489-D066-427A-815C-D994BA41F5E4}.Debug|Any CPU.Build.0 = Debug|Any CPU
		{BC40D489-D066-427A-815C-D994BA41F5E4}.Release|Any CPU.ActiveCfg = Release|Any CPU
		{BC40D489-D066-427A-815C-D994BA41F5E4}.Release|Any CPU.Build.0 = Release|Any CPU
	EndGlobalSection
	GlobalSection(SolutionProperties) = preSolution
		HideSolutionNode = FALSE
	EndGlobalSection
	GlobalSection(ExtensibilityGlobals) = postSolution
		SolutionGuid = {92ACDF07-109D-451A-B820-E99B671C4083}
	EndGlobalSection
EndGlobal
