
Microsoft Visual Studio Solution File, Format Version 12.00
# Visual Studio Version 17
VisualStudioVersion = 17.4.33213.308
MinimumVisualStudioVersion = 10.0.40219.1
Project("{FAE04EC0-301F-11D3-BF4B-00C04F79EFBC}") = "Calculadora", "Calculadora\Calculadora.csproj", "{9FBE0A87-77BA-4121-A600-4C7EE61551F2}"
EndProject
Project("{FAE04EC0-301F-11D3-BF4B-00C04F79EFBC}") = "CalculadoraTeste", "CalculadoraTeste\CalculadoraTeste.csproj", "{081EA8A8-7269-4594-8B2C-762F3F8EE438}"
	ProjectSection(ProjectDependencies) = postProject
		{9FBE0A87-77BA-4121-A600-4C7EE61551F2} = {9FBE0A87-77BA-4121-A600-4C7EE61551F2}
	EndProjectSection
EndProject
Global
	GlobalSection(SolutionConfigurationPlatforms) = preSolution
		Debug|Any CPU = Debug|Any CPU
		Release|Any CPU = Release|Any CPU
	EndGlobalSection
	GlobalSection(ProjectConfigurationPlatforms) = postSolution
		{9FBE0A87-77BA-4121-A600-4C7EE61551F2}.Debug|Any CPU.ActiveCfg = Debug|Any CPU
		{9FBE0A87-77BA-4121-A600-4C7EE61551F2}.Debug|Any CPU.Build.0 = Debug|Any CPU
		{9FBE0A87-77BA-4121-A600-4C7EE61551F2}.Release|Any CPU.ActiveCfg = Release|Any CPU
		{9FBE0A87-77BA-4121-A600-4C7EE61551F2}.Release|Any CPU.Build.0 = Release|Any CPU
		{081EA8A8-7269-4594-8B2C-762F3F8EE438}.Debug|Any CPU.ActiveCfg = Debug|Any CPU
		{081EA8A8-7269-4594-8B2C-762F3F8EE438}.Debug|Any CPU.Build.0 = Debug|Any CPU
		{081EA8A8-7269-4594-8B2C-762F3F8EE438}.Release|Any CPU.ActiveCfg = Release|Any CPU
		{081EA8A8-7269-4594-8B2C-762F3F8EE438}.Release|Any CPU.Build.0 = Release|Any CPU
	EndGlobalSection
	GlobalSection(SolutionProperties) = preSolution
		HideSolutionNode = FALSE
	EndGlobalSection
	GlobalSection(ExtensibilityGlobals) = postSolution
		SolutionGuid = {92ACDF07-109D-451A-B820-E99B671C4083}
	EndGlobalSection
EndGlobal
